lockfileVersion: '9.0'

settings:
  autoInstallPeers: true
  excludeLinksFromLockfile: false

importers:

  .:
    devDependencies:
      typescript:
        specifier: ^6.0.3
        version: 6.0.3

  apps/server:
    dependencies:
      '@genius-x/ai-gateway':
        specifier: workspace:*
        version: link:../../packages/ai-gateway
      '@genius-x/config':
        specifier: workspace:*
        version: link:../../packages/config
      '@genius-x/contracts':
        specifier: workspace:*
        version: link:../../packages/contracts
      '@genius-x/course-config':
        specifier: workspace:*
        version: link:../../packages/course-config

  apps/web:
    dependencies:
      '@genius-x/contracts':
        specifier: workspace:*
        version: link:../../packages/contracts

  packages/ai-gateway:
    dependencies:
      '@genius-x/contracts':
        specifier: workspace:*
        version: link:../contracts

  packages/config:
    dependencies:
      '@genius-x/contracts':
        specifier: workspace:*
        version: link:../contracts

  packages/contracts: {}

  packages/course-config:
    dependencies:
      '@genius-x/contracts':
        specifier: workspace:*
        version: link:../contracts

packages:

  typescript@6.0.3:
    resolution: {integrity: sha512-y2TvuxSZPDyQakkFRPZHKFm+KKVqIisdg9/CZwm9ftvKXLP8NRWj38/ODjNbr43SsoXqNuAisEf1GdCxqWcdBw==}
    engines: {node: '>=14.17'}
    hasBin: true

snapshots:

  typescript@6.0.3: {}
